{
  "name": "web-ui",
  "lockfileVersion": 3,
  "requires": true,
  "packages": {
    "": {
      "dependencies": {
        "@phosphor-icons/web": "^2.1.2"
      }
    },
    "node_modules/@phosphor-icons/web": {
      "version": "2.1.2",
      "resolved": "https://registry.npmjs.org/@phosphor-icons/web/-/web-2.1.2.tgz",
      "integrity": "sha512-rPAR9o/bEcp4Cw4DEeZHXf+nlGCMNGkNDRizYHM47NLxz9vvEHp/Tt6FMK1NcWadzw/pFDPnRBGi/ofRya958A==",
      "license": "MIT"
    }
  }
}
